// !$*UTF8*$!
{
	archiveVersion = 1;
	classes = {
	};
	objectVersion = 48;
	objects = {

/* Begin PBXBuildFile section */
		3099DC0B1FC624EF00FD0271 /* AppDelegate.swift in Sources */ = {isa = PBXBuildFile; fileRef = 3099DC0A1FC624EF00FD0271 /* AppDelegate.swift */; };
		3099DC0D1FC624EF00FD0271 /* ViewController.swift in Sources */ = {isa = PBXBuildFile; fileRef = 3099DC0C1FC624EF00FD0271 /* ViewController.swift */; };
		3099DC101FC624F000FD0271 /* Main.storyboard in Resources */ = {isa = PBXBuildFile; fileRef = 3099DC0E1FC624F000FD0271 /* Main.storyboard */; };
		3099DC121FC624F000FD0271 /* Assets.xcassets in Resources */ = {isa = PBXBuildFile; fileRef = 3099DC111FC624F000FD0271 /* Assets.xcassets */; };
		3099DC151FC624F000FD0271 /* LaunchScreen.storyboard in Resources */ = {isa = PBXBuildFile; fileRef = 3099DC131FC624F000FD0271 /* LaunchScreen.storyboard */; };
/* End PBXBuildFile section */

/* Begin PBXFileReference section */
		3099DC071FC624EF00FD0271 /* UserAuthorization.app */ = {isa = PBXFileReference; explicitFileType = wrapper.application; includeInIndex = 0; path = UserAuthorization.app; sourceTree = BUILT_PRODUCTS_DIR; };
		3099DC0A1FC624EF00FD0271 /* AppDelegate.swift */ = {isa = PBXFileReference; lastKnownFileType = sourcecode.swift; path = AppDelegate.swift; sourceTree = "<group>"; };
		3099DC0C1FC624EF00FD0271 /* ViewController.swift */ = {isa = PBXFileReference; lastKnownFileType = sourcecode.swift; path = ViewController.swift; sourceTree = "<group>"; };
		3099DC0F1FC624F000FD0271 /* Base */ = {isa = PBXFileReference; lastKnownFileType = file.storyboard; name = Base; path = Base.lproj/Main.storyboard; sourceTree = "<group>"; };
		3099DC111FC624F000FD0271 /* Assets.xcassets */ = {isa = PBXFileReference; lastKnownFileType = folder.assetcatalog; path = Assets.xcassets; sourceTree = "<group>"; };
		3099DC141FC624F000FD0271 /* Base */ = {isa = PBXFileReference; lastKnownFileType = file.storyboard; name = Base; path = Base.lproj/LaunchScreen.storyboard; sourceTree = "<group>"; };
		3099DC161FC624F000FD0271 /* Info.plist */ = {isa = PBXFileReference; lastKnownFileType = text.plist.xml; path = Info.plist; sourceTree = "<group>"; };
/* End PBXFileReference section */

/* Begin PBXFrameworksBuildPhase section */
		3099DC041FC624EF00FD0271 /* Frameworks */ = {
			isa = PBXFrameworksBuildPhase;
			buildActionMask = 2147483647;
			files = (
			);
			runOnlyForDeploymentPostprocessing = 0;
		};
/* End PBXFrameworksBuildPhase section */

/* Begin PBXGroup section */
		3099DBFE1FC624EF00FD0271 = {
			isa = PBXGroup;
			children = (
				3099DC091FC624EF00FD0271 /* UserAuthorization */,
				3099DC081FC624EF00FD0271 /* Products */,
			);
			sourceTree = "<group>";
		};
		3099DC081FC624EF00FD0271 /* Products */ = {
			isa = PBXGroup;
			children = (
				3099DC071FC624EF00FD0271 /* UserAuthorization.app */,
			);
			name = Products;
			sourceTree = "<group>";
		};
		3099DC091FC624EF00FD0271 /* UserAuthorization */ = {
			isa = PBXGroup;
			children = (
				3099DC0A1FC624EF00FD0271 /* AppDelegate.swift */,
				3099DC0C1FC624EF00FD0271 /* ViewController.swift */,
				3099DC0E1FC624F000FD0271 /* Main.storyboard */,
				3099DC111FC624F000FD0271 /* Assets.xcassets */,
				3099DC131FC624F000FD0271 /* LaunchScreen.storyboard */,
				3099DC161FC624F000FD0271 /* Info.plist */,
			);
			path = UserAuthorization;
			sourceTree = "<group>";
		};
/* End PBXGroup section */

/* Begin PBXNativeTarget section */
		3099DC061FC624EF00FD0271 /* UserAuthorization */ = {
			isa = PBXNativeTarget;
			buildConfigurationList = 3099DC191FC624F000FD0271 /* Build configuration list for PBXNativeTarget "UserAuthorization" */;
			buildPhases = (
				3099DC031FC624EF00FD0271 /* Sources */,
				3099DC041FC624EF00FD0271 /* Frameworks */,
				3099DC051FC624EF00FD0271 /* Resources */,
			);
			buildRules = (
			);
			dependencies = (
			);
			name = UserAuthorization;
			productName = UserAuthorization;
			productReference = 3099DC071FC624EF00FD0271 /* UserAuthorization.app */;
			productType = "com.apple.product-type.application";
		};
/* End PBXNativeTarget section */

/* Begin PBXProject section */
		3099DBFF1FC624EF00FD0271 /* Project object */ = {
			isa = PBXProject;
			attributes = {
				LastSwiftUpdateCheck = 0910;
				LastUpgradeCheck = 0910;
				ORGANIZATIONNAME = "Roman Bakhilov";
				TargetAttributes = {
					3099DC061FC624EF00FD0271 = {
						CreatedOnToolsVersion = 9.1;
						ProvisioningStyle = Automatic;
					};
				};
			};
			buildConfigurationList = 3099DC021FC624EF00FD0271 /* Build configuration list for PBXProject "UserAuthorization" */;
			compatibilityVersion = "Xcode 8.0";
			developmentRegion = en;
			hasScannedForEncodings = 0;
			knownRegions = (
				en,
				Base,
			);
			mainGroup = 3099DBFE1FC624EF00FD0271;
			productRefGroup = 3099DC081FC624EF00FD0271 /* Products */;
			projectDirPath = "";
			projectRoot = "";
			targets = (
				3099DC061FC624EF00FD0271 /* UserAuthorization */,
			);
		};
/* End PBXProject section */

/* Begin PBXResourcesBuildPhase section */
		3099DC051FC624EF00FD0271 /* Resources */ = {
			isa = PBXResourcesBuildPhase;
			buildActionMask = 2147483647;
			files = (
				3099DC151FC624F000FD0271 /* LaunchScreen.storyboard in Resources */,
				3099DC121FC624F000FD0271 /* Assets.xcassets in Resources */,
				3099DC101FC624F000FD0271 /* Main.storyboard in Resources */,
			);
			runOnlyForDeploymentPostprocessing = 0;
		};
/* End PBXResourcesBuildPhase section */

/* Begin PBXSourcesBuildPhase section */
		3099DC031FC624EF00FD0271 /* Sources */ = {
			isa = PBXSourcesBuildPhase;
			buildActionMask = 2147483647;
			files = (
				3099DC0D1FC624EF00FD0271 /* ViewController.swift in Sources */,
				3099DC0B1FC624EF00FD0271 /* AppDelegate.swift in Sources */,
			);
			runOnlyForDeploymentPostprocessing = 0;
		};
/* End PBXSourcesBuildPhase section */

/* Begin PBXVariantGroup section */
		3099DC0E1FC624F000FD0271 /* Main.storyboard */ = {
			isa = PBXVariantGroup;
			children = (
				3099DC0F1FC624F000FD0271 /* Base */,
			);
			name = Main.storyboard;
			sourceTree = "<group>";
		};
		3099DC131FC624F000FD0271 /* LaunchScreen.storyboard */ = {
			isa = PBXVariantGroup;
			children = (
				3099DC141FC624F000FD0271 /* Base */,
			);
			name = LaunchScreen.storyboard;
			sourceTree = "<group>";
		};
/* End PBXVariantGroup section */

/* Begin XCBuildConfiguration section */
		3099DC171FC624F000FD0271 /* Debug */ = {
			isa = XCBuildConfiguration;
			buildSettings = {
				ALWAYS_SEARCH_USER_PATHS = NO;
				CLANG_ANALYZER_NONNULL = YES;
				CLANG_ANALYZER_NUMBER_OBJECT_CONVERSION = YES_AGGRESSIVE;
				CLANG_CXX_LANGUAGE_STANDARD = "gnu++14";
				CLANG_CXX_LIBRARY = "libc++";
				CLANG_ENABLE_MODULES = YES;
				CLANG_ENABLE_OBJC_ARC = YES;
				CLANG_WARN_BLOCK_CAPTURE_AUTORELEASING = YES;
				CLANG_WARN_BOOL_CONVERSION = YES;
				CLANG_WARN_COMMA = YES;
				CLANG_WARN_CONSTANT_CONVERSION = YES;
				CLANG_WARN_DIRECT_OBJC_ISA_USAGE = YES_ERROR;
				CLANG_WARN_DOCUMENTATION_COMMENTS = YES;
				CLANG_WARN_EMPTY_BODY = YES;
				CLANG_WARN_ENUM_CONVERSION = YES;
				CLANG_WARN_INFINITE_RECURSION = YES;
				CLANG_WARN_INT_CONVERSION = YES;
				CLANG_WARN_NON_LITERAL_NULL_CONVERSION = YES;
				CLANG_WARN_OBJC_LITERAL_CONVERSION = YES;
				CLANG_WARN_OBJC_ROOT_CLASS = YES_ERROR;
				CLANG_WARN_RANGE_LOOP_ANALYSIS = YES;
				CLANG_WARN_STRICT_PROTOTYPES = YES;
				CLANG_WARN_SUSPICIOUS_MOVE = YES;
				CLANG_WARN_UNGUARDED_AVAILABILITY = YES_AGGRESSIVE;
				CLANG_WARN_UNREACHABLE_CODE = YES;
				CLANG_WARN__DUPLICATE_METHOD_MATCH = YES;
				CODE_SIGN_IDENTITY = "iPhone Developer";
				COPY_PHASE_STRIP = NO;
				DEBUG_INFORMATION_FORMAT = dwarf;
				ENABLE_STRICT_OBJC_MSGSEND = YES;
				ENABLE_TESTABILITY = YES;
				GCC_C_LANGUAGE_STANDARD = gnu11;
				GCC_DYNAMIC_NO_PIC = NO;
				GCC_NO_COMMON_BLOCKS = YES;
				GCC_OPTIMIZATION_LEVEL = 0;
				GCC_PREPROCESSOR_DEFINITIONS = (
					"DEBUG=1",
					"$(inherited)",
				);
				GCC_WARN_64_TO_32_BIT_CONVERSION = YES;
				GCC_WARN_ABOUT_RETURN_TYPE = YES_ERROR;
				GCC_WARN_UNDECLARED_SELECTOR = YES;
				GCC_WARN_UNINITIALIZED_AUTOS = YES_AGGRESSIVE;
				GCC_WARN_UNUSED_FUNCTION = YES;
				GCC_WARN_UNUSED_VARIABLE = YES;
				IPHONEOS_DEPLOYMENT_TARGET = 11.1;
				MTL_ENABLE_DEBUG_INFO = YES;
				ONLY_ACTIVE_ARCH = YES;
				SDKROOT = iphoneos;
				SWIFT_ACTIVE_COMPILATION_CONDITIONS = DEBUG;
				SWIFT_OPTIMIZATION_LEVEL = "-Onone";
			};
			name = Debug;
		};
		3099DC181FC624F000FD0271 /* Release */ = {
			isa = XCBuildConfiguration;
			buildSettings = {
				ALWAYS_SEARCH_USER_PATHS = NO;
				CLANG_ANALYZER_NONNULL = YES;
				CLANG_ANALYZER_NUMBER_OBJECT_CONVERSION = YES_AGGRESSIVE;
				CLANG_CXX_LANGUAGE_STANDARD = "gnu++14";
				CLANG_CXX_LIBRARY = "libc++";
				CLANG_ENABLE_MODULES = YES;
				CLANG_ENABLE_OBJC_ARC = YES;
				CLANG_WARN_BLOCK_CAPTURE_AUTORELEASING = YES;
				CLANG_WARN_BOOL_CONVERSION = YES;
				CLANG_WARN_COMMA = YES;
				CLANG_WARN_CONSTANT_CONVERSION = YES;
				CLANG_WARN_DIRECT_OBJC_ISA_USAGE = YES_ERROR;
				CLANG_WARN_DOCUMENTATION_COMMENTS = YES;
				CLANG_WARN_EMPTY_BODY = YES;
				CLANG_WARN_ENUM_CONVERSION = YES;
				CLANG_WARN_INFINITE_RECURSION = YES;
				CLANG_WARN_INT_CONVERSION = YES;
				CLANG_WARN_NON_LITERAL_NULL_CONVERSION = YES;
				CLANG_WARN_OBJC_LITERAL_CONVERSION = YES;
				CLANG_WARN_OBJC_ROOT_CLASS = YES_ERROR;
				CLANG_WARN_RANGE_LOOP_ANALYSIS = YES;
				CLANG_WARN_STRICT_PROTOTYPES = YES;
				CLANG_WARN_SUSPICIOUS_MOVE = YES;
				CLANG_WARN_UNGUARDED_AVAILABILITY = YES_AGGRESSIVE;
				CLANG_WARN_UNREACHABLE_CODE = YES;
				CLANG_WARN__DUPLICATE_METHOD_MATCH = YES;
				CODE_SIGN_IDENTITY = "iPhone Developer";
				COPY_PHASE_STRIP = NO;
				DEBUG_INFORMATION_FORMAT = "dwarf-with-dsym";
				ENABLE_NS_ASSERTIONS = NO;
				ENABLE_STRICT_OBJC_MSGSEND = YES;
				GCC_C_LANGUAGE_STANDARD = gnu11;
				GCC_NO_COMMON_BLOCKS = YES;
				GCC_WARN_64_TO_32_BIT_CONVERSION = YES;
				GCC_WARN_ABOUT_RETURN_TYPE = YES_ERROR;
				GCC_WARN_UNDECLARED_SELECTOR = YES;
				GCC_WARN_UNINITIALIZED_AUTOS = YES_AGGRESSIVE;
				GCC_WARN_UNUSED_FUNCTION = YES;
				GCC_WARN_UNUSED_VARIABLE = YES;
				IPHONEOS_DEPLOYMENT_TARGET = 11.1;
				MTL_ENABLE_DEBUG_INFO = NO;
				SDKROOT = iphoneos;
				SWIFT_OPTIMIZATION_LEVEL = "-Owholemodule";
				VALIDATE_PRODUCT = YES;
			};
			name = Release;
		};
		3099DC1A1FC624F000FD0271 /* Debug */ = {
			isa = XCBuildConfiguration;
			buildSettings = {
				ASSETCATALOG_COMPILER_APPICON_NAME = AppIcon;
				CODE_SIGN_STYLE = Automatic;
				DEVELOPMENT_TEAM = 799U77K8ES;
				INFOPLIST_FILE = UserAuthorization/Info.plist;
				LD_RUNPATH_SEARCH_PATHS = "$(inherited) @executable_path/Frameworks";
				PRODUCT_BUNDLE_IDENTIFIER = "Roman-Bakhilov.UserAuthorization";
				PRODUCT_NAME = "$(TARGET_NAME)";
				SWIFT_VERSION = 4.0;
				TARGETED_DEVICE_FAMILY = "1,2";
			};
			name = Debug;
		};
		3099DC1B1FC624F000FD0271 /* Release */ = {
			isa = XCBuildConfiguration;
			buildSettings = {
				ASSETCATALOG_COMPILER_APPICON_NAME = AppIcon;
				CODE_SIGN_STYLE = Automatic;
				DEVELOPMENT_TEAM = 799U77K8ES;
				INFOPLIST_FILE = UserAuthorization/Info.plist;
				LD_RUNPATH_SEARCH_PATHS = "$(inherited) @executable_path/Frameworks";
				PRODUCT_BUNDLE_IDENTIFIER = "Roman-Bakhilov.UserAuthorization";
				PRODUCT_NAME = "$(TARGET_NAME)";
				SWIFT_VERSION = 4.0;
				TARGETED_DEVICE_FAMILY = "1,2";
			};
			name = Release;
		};
/* End XCBuildConfiguration section */

/* Begin XCConfigurationList section */
		3099DC021FC624EF00FD0271 /* Build configuration list for PBXProject "UserAuthorization" */ = {
			isa = XCConfigurationList;
			buildConfigurations = (
				3099DC171FC624F000FD0271 /* Debug */,
				3099DC181FC624F000FD0271 /* Release */,
			);
			defaultConfigurationIsVisible = 0;
			defaultConfigurationName = Release;
		};
		3099DC191FC624F000FD0271 /* Build configuration list for PBXNativeTarget "UserAuthorization" */ = {
			isa = XCConfigurationList;
			buildConfigurations = (
				3099DC1A1FC624F000FD0271 /* Debug */,
				3099DC1B1FC624F000FD0271 /* Release */,
			);
			defaultConfigurationIsVisible = 0;
			defaultConfigurationName = Release;
		};
/* End XCConfigurationList section */
	};
	rootObject = 3099DBFF1FC624EF00FD0271 /* Project object */;
}
